
Microsoft Visual Studio Solution File, Format Version 12.00
# Visual Studio Version 17
VisualStudioVersion = 17.4.33205.214
MinimumVisualStudioVersion = 10.0.40219.1
Project("{FAE04EC0-301F-11D3-BF4B-00C04F79EFBC}") = "FrontToBack-Sophia", "FrontToBack-Sophia\FrontToBack-Sophia.csproj", "{AFCDCF1F-C07E-4CE2-8FFC-703AD4734668}"
EndProject
Global
	GlobalSection(SolutionConfigurationPlatforms) = preSolution
		Debug|Any CPU = Debug|Any CPU
		Release|Any CPU = Release|Any CPU
	EndGlobalSection
	GlobalSection(ProjectConfigurationPlatforms) = postSolution
		{AFCDCF1F-C07E-4CE2-8FFC-703AD4734668}.Debug|Any CPU.ActiveCfg = Debug|Any CPU
		{AFCDCF1F-C07E-4CE2-8FFC-703AD4734668}.Debug|Any CPU.Build.0 = Debug|Any CPU
		{AFCDCF1F-C07E-4CE2-8FFC-703AD4734668}.Release|Any CPU.ActiveCfg = Release|Any CPU
		{AFCDCF1F-C07E-4CE2-8FFC-703AD4734668}.Release|Any CPU.Build.0 = Release|Any CPU
	EndGlobalSection
	GlobalSection(SolutionProperties) = preSolution
		HideSolutionNode = FALSE
	EndGlobalSection
	GlobalSection(ExtensibilityGlobals) = postSolution
		SolutionGuid = {A6ED47BD-F74D-4DE2-89C5-518DC955EF00}
	EndGlobalSection
EndGlobal
